STORAGE: NONE
RESTRICTION: == net7.0-windows7.0
NUGET
  remote: https://api.nuget.org/v3/index.json
    FSharp.Core (7.0.300)
    FsUnit (5.3)
      FSharp.Core (>= 6.0.7)
      NUnit (>= 3.13.3 < 3.14)
    Microsoft.CodeCoverage (17.6.2)
    Microsoft.NET.Test.Sdk (17.6.2)
      Microsoft.CodeCoverage (>= 17.6.2)
      Microsoft.TestPlatform.TestHost (>= 17.6.2)
    Microsoft.NETCore.Platforms (7.0.2)
    Microsoft.TestPlatform.ObjectModel (17.6.2)
      NuGet.Frameworks (>= 6.5)
      System.Reflection.Metadata (>= 1.6)
    Microsoft.TestPlatform.TestHost (17.6.2)
      Microsoft.TestPlatform.ObjectModel (>= 17.6.2)
      Newtonsoft.Json (>= 13.0.1)
    Microsoft.Win32.SystemEvents (7.0)
    NETStandard.Library (2.0.3)
      Microsoft.NETCore.Platforms (>= 1.1)
    Newtonsoft.Json (13.0.3)
    NuGet.Frameworks (6.6)
    NUnit (3.13.3)
      NETStandard.Library (>= 2.0)
    NUnit3TestAdapter (4.5)
    ObjectDumper.NET (4.0.6)
    System.Collections.Immutable (7.0)
    System.Drawing.Common (7.0)
      Microsoft.Win32.SystemEvents (>= 7.0)
    System.Reflection.Metadata (7.0.1)
      System.Collections.Immutable (>= 7.0)
    YamlDotNet (13.1)
